
Microsoft Visual Studio Solution File, Format Version 12.00
# Visual Studio Version 16
VisualStudioVersion = 16.0.30204.135
MinimumVisualStudioVersion = 10.0.40219.1
Project("{8BC9CEB8-8B4A-11D0-8D11-00A0C91BC942}") = "pdftools", "pdftools.vcxproj", "{4E1B9BCC-7C8A-4AE4-8F46-344D35C10DF8}"
	ProjectSection(ProjectDependencies) = postProject
		{2BE9603C-69A3-4CBB-BD66-E225B32C5ABD} = {2BE9603C-69A3-4CBB-BD66-E225B32C5ABD}
	EndProjectSection
EndProject
Project("{8BC9CEB8-8B4A-11D0-8D11-00A0C91BC942}") = "getopt", "getopt\getopt.vcxproj", "{2BE9603C-69A3-4CBB-BD66-E225B32C5ABD}"
EndProject
Global
	GlobalSection(SolutionConfigurationPlatforms) = preSolution
		Debug|x64 = Debug|x64
		Debug|x86 = Debug|x86
		Release|x64 = Release|x64
		Release|x86 = Release|x86
	EndGlobalSection
	GlobalSection(ProjectConfigurationPlatforms) = postSolution
		{4E1B9BCC-7C8A-4AE4-8F46-344D35C10DF8}.Debug|x64.ActiveCfg = Debug|x64
		{4E1B9BCC-7C8A-4AE4-8F46-344D35C10DF8}.Debug|x64.Build.0 = Debug|x64
		{4E1B9BCC-7C8A-4AE4-8F46-344D35C10DF8}.Debug|x86.ActiveCfg = Debug|Win32
		{4E1B9BCC-7C8A-4AE4-8F46-344D35C10DF8}.Debug|x86.Build.0 = Debug|Win32
		{4E1B9BCC-7C8A-4AE4-8F46-344D35C10DF8}.Release|x64.ActiveCfg = Release|x64
		{4E1B9BCC-7C8A-4AE4-8F46-344D35C10DF8}.Release|x64.Build.0 = Release|x64
		{4E1B9BCC-7C8A-4AE4-8F46-344D35C10DF8}.Release|x86.ActiveCfg = Release|Win32
		{4E1B9BCC-7C8A-4AE4-8F46-344D35C10DF8}.Release|x86.Build.0 = Release|Win32
		{2BE9603C-69A3-4CBB-BD66-E225B32C5ABD}.Debug|x64.ActiveCfg = Debug|x64
		{2BE9603C-69A3-4CBB-BD66-E225B32C5ABD}.Debug|x64.Build.0 = Debug|x64
		{2BE9603C-69A3-4CBB-BD66-E225B32C5ABD}.Debug|x86.ActiveCfg = Debug|Win32
		{2BE9603C-69A3-4CBB-BD66-E225B32C5ABD}.Debug|x86.Build.0 = Debug|Win32
		{2BE9603C-69A3-4CBB-BD66-E225B32C5ABD}.Release|x64.ActiveCfg = Release|x64
		{2BE9603C-69A3-4CBB-BD66-E225B32C5ABD}.Release|x64.Build.0 = Release|x64
		{2BE9603C-69A3-4CBB-BD66-E225B32C5ABD}.Release|x86.ActiveCfg = Release|Win32
		{2BE9603C-69A3-4CBB-BD66-E225B32C5ABD}.Release|x86.Build.0 = Release|Win32
	EndGlobalSection
	GlobalSection(SolutionProperties) = preSolution
		HideSolutionNode = FALSE
	EndGlobalSection
	GlobalSection(ExtensibilityGlobals) = postSolution
		SolutionGuid = {C54B649F-A03A-46F1-BE32-DD08F311EFB4}
	EndGlobalSection
EndGlobal
